// !$*UTF8*$!
{
	archiveVersion = 1;
	classes = {
	};
	objectVersion = 50;
	objects = {

/* Begin PBXBuildFile section */
		48BD13D425C2BE800074A2C3 /* AppDelegate.swift in Sources */ = {isa = PBXBuildFile; fileRef = 48BD13D325C2BE800074A2C3 /* AppDelegate.swift */; };
		48BD13D625C2BE800074A2C3 /* SceneDelegate.swift in Sources */ = {isa = PBXBuildFile; fileRef = 48BD13D525C2BE800074A2C3 /* SceneDelegate.swift */; };
		48BD13D825C2BE800074A2C3 /* UsersVC.swift in Sources */ = {isa = PBXBuildFile; fileRef = 48BD13D725C2BE800074A2C3 /* UsersVC.swift */; };
		48BD13DB25C2BE800074A2C3 /* Main.storyboard in Resources */ = {isa = PBXBuildFile; fileRef = 48BD13D925C2BE800074A2C3 /* Main.storyboard */; };
		48BD13DE25C2BE800074A2C3 /* RenderforestTask.xcdatamodeld in Sources */ = {isa = PBXBuildFile; fileRef = 48BD13DC25C2BE800074A2C3 /* RenderforestTask.xcdatamodeld */; };
		48BD13E025C2BE820074A2C3 /* Assets.xcassets in Resources */ = {isa = PBXBuildFile; fileRef = 48BD13DF25C2BE820074A2C3 /* Assets.xcassets */; };
		48BD13E325C2BE820074A2C3 /* LaunchScreen.storyboard in Resources */ = {isa = PBXBuildFile; fileRef = 48BD13E125C2BE820074A2C3 /* LaunchScreen.storyboard */; };
		48BD13F525C2DB2F0074A2C3 /* Cell.swift in Sources */ = {isa = PBXBuildFile; fileRef = 48BD13F325C2DB2F0074A2C3 /* Cell.swift */; };
		48BD13F625C2DB2F0074A2C3 /* Cell.xib in Resources */ = {isa = PBXBuildFile; fileRef = 48BD13F425C2DB2F0074A2C3 /* Cell.xib */; };
		48BD13FB25C2E0990074A2C3 /* DetailsVC.swift in Sources */ = {isa = PBXBuildFile; fileRef = 48BD13FA25C2E0990074A2C3 /* DetailsVC.swift */; };
/* End PBXBuildFile section */

/* Begin PBXCopyFilesBuildPhase section */
		48BD149525C30CBA0074A2C3 /* Embed Frameworks */ = {
			isa = PBXCopyFilesBuildPhase;
			buildActionMask = 2147483647;
			dstPath = "";
			dstSubfolderSpec = 10;
			files = (
			);
			name = "Embed Frameworks";
			runOnlyForDeploymentPostprocessing = 0;
		};
/* End PBXCopyFilesBuildPhase section */

/* Begin PBXFileReference section */
		48BD13D025C2BE800074A2C3 /* RenderforestTask.app */ = {isa = PBXFileReference; explicitFileType = wrapper.application; includeInIndex = 0; path = RenderforestTask.app; sourceTree = BUILT_PRODUCTS_DIR; };
		48BD13D325C2BE800074A2C3 /* AppDelegate.swift */ = {isa = PBXFileReference; lastKnownFileType = sourcecode.swift; path = AppDelegate.swift; sourceTree = "<group>"; };
		48BD13D525C2BE800074A2C3 /* SceneDelegate.swift */ = {isa = PBXFileReference; lastKnownFileType = sourcecode.swift; path = SceneDelegate.swift; sourceTree = "<group>"; };
		48BD13D725C2BE800074A2C3 /* UsersVC.swift */ = {isa = PBXFileReference; lastKnownFileType = sourcecode.swift; path = UsersVC.swift; sourceTree = "<group>"; };
		48BD13DA25C2BE800074A2C3 /* Base */ = {isa = PBXFileReference; lastKnownFileType = file.storyboard; name = Base; path = Base.lproj/Main.storyboard; sourceTree = "<group>"; };
		48BD13DD25C2BE800074A2C3 /* RenderforestTask.xcdatamodel */ = {isa = PBXFileReference; lastKnownFileType = wrapper.xcdatamodel; path = RenderforestTask.xcdatamodel; sourceTree = "<group>"; };
		48BD13DF25C2BE820074A2C3 /* Assets.xcassets */ = {isa = PBXFileReference; lastKnownFileType = folder.assetcatalog; path = Assets.xcassets; sourceTree = "<group>"; };
		48BD13E225C2BE820074A2C3 /* Base */ = {isa = PBXFileReference; lastKnownFileType = file.storyboard; name = Base; path = Base.lproj/LaunchScreen.storyboard; sourceTree = "<group>"; };
		48BD13E425C2BE820074A2C3 /* Info.plist */ = {isa = PBXFileReference; lastKnownFileType = text.plist.xml; path = Info.plist; sourceTree = "<group>"; };
		48BD13F325C2DB2F0074A2C3 /* Cell.swift */ = {isa = PBXFileReference; lastKnownFileType = sourcecode.swift; path = Cell.swift; sourceTree = "<group>"; };
		48BD13F425C2DB2F0074A2C3 /* Cell.xib */ = {isa = PBXFileReference; lastKnownFileType = file.xib; path = Cell.xib; sourceTree = "<group>"; };
		48BD13FA25C2E0990074A2C3 /* DetailsVC.swift */ = {isa = PBXFileReference; lastKnownFileType = sourcecode.swift; path = DetailsVC.swift; sourceTree = "<group>"; };
/* End PBXFileReference section */

/* Begin PBXFrameworksBuildPhase section */
		48BD13CD25C2BE800074A2C3 /* Frameworks */ = {
			isa = PBXFrameworksBuildPhase;
			buildActionMask = 2147483647;
			files = (
			);
			runOnlyForDeploymentPostprocessing = 0;
		};
/* End PBXFrameworksBuildPhase section */

/* Begin PBXGroup section */
		48BD13C725C2BE800074A2C3 = {
			isa = PBXGroup;
			children = (
				48BD13D225C2BE800074A2C3 /* RenderforestTask */,
				48BD13D125C2BE800074A2C3 /* Products */,
				48BD149225C30CB90074A2C3 /* Frameworks */,
			);
			sourceTree = "<group>";
		};
		48BD13D125C2BE800074A2C3 /* Products */ = {
			isa = PBXGroup;
			children = (
				48BD13D025C2BE800074A2C3 /* RenderforestTask.app */,
			);
			name = Products;
			sourceTree = "<group>";
		};
		48BD13D225C2BE800074A2C3 /* RenderforestTask */ = {
			isa = PBXGroup;
			children = (
				48BD13D325C2BE800074A2C3 /* AppDelegate.swift */,
				48BD13D525C2BE800074A2C3 /* SceneDelegate.swift */,
				48BD13D725C2BE800074A2C3 /* UsersVC.swift */,
				48BD13FA25C2E0990074A2C3 /* DetailsVC.swift */,
				48BD13F325C2DB2F0074A2C3 /* Cell.swift */,
				48BD13F425C2DB2F0074A2C3 /* Cell.xib */,
				48BD13D925C2BE800074A2C3 /* Main.storyboard */,
				48BD13DF25C2BE820074A2C3 /* Assets.xcassets */,
				48BD13E125C2BE820074A2C3 /* LaunchScreen.storyboard */,
				48BD13E425C2BE820074A2C3 /* Info.plist */,
				48BD13DC25C2BE800074A2C3 /* RenderforestTask.xcdatamodeld */,
			);
			path = RenderforestTask;
			sourceTree = "<group>";
		};
		48BD149225C30CB90074A2C3 /* Frameworks */ = {
			isa = PBXGroup;
			children = (
			);
			name = Frameworks;
			sourceTree = "<group>";
		};
/* End PBXGroup section */

/* Begin PBXNativeTarget section */
		48BD13CF25C2BE800074A2C3 /* RenderforestTask */ = {
			isa = PBXNativeTarget;
			buildConfigurationList = 48BD13E725C2BE820074A2C3 /* Build configuration list for PBXNativeTarget "RenderforestTask" */;
			buildPhases = (
				48BD13CC25C2BE800074A2C3 /* Sources */,
				48BD13CD25C2BE800074A2C3 /* Frameworks */,
				48BD13CE25C2BE800074A2C3 /* Resources */,
				48BD149525C30CBA0074A2C3 /* Embed Frameworks */,
			);
			buildRules = (
			);
			dependencies = (
			);
			name = RenderforestTask;
			productName = RenderforestTask;
			productReference = 48BD13D025C2BE800074A2C3 /* RenderforestTask.app */;
			productType = "com.apple.product-type.application";
		};
/* End PBXNativeTarget section */

/* Begin PBXProject section */
		48BD13C825C2BE800074A2C3 /* Project object */ = {
			isa = PBXProject;
			attributes = {
				LastSwiftUpdateCheck = 1240;
				LastUpgradeCheck = 1240;
				TargetAttributes = {
					48BD13CF25C2BE800074A2C3 = {
						CreatedOnToolsVersion = 12.4;
					};
				};
			};
			buildConfigurationList = 48BD13CB25C2BE800074A2C3 /* Build configuration list for PBXProject "RenderforestTask" */;
			compatibilityVersion = "Xcode 9.3";
			developmentRegion = en;
			hasScannedForEncodings = 0;
			knownRegions = (
				en,
				Base,
			);
			mainGroup = 48BD13C725C2BE800074A2C3;
			productRefGroup = 48BD13D125C2BE800074A2C3 /* Products */;
			projectDirPath = "";
			projectRoot = "";
			targets = (
				48BD13CF25C2BE800074A2C3 /* RenderforestTask */,
			);
		};
/* End PBXProject section */

/* Begin PBXResourcesBuildPhase section */
		48BD13CE25C2BE800074A2C3 /* Resources */ = {
			isa = PBXResourcesBuildPhase;
			buildActionMask = 2147483647;
			files = (
				48BD13E325C2BE820074A2C3 /* LaunchScreen.storyboard in Resources */,
				48BD13F625C2DB2F0074A2C3 /* Cell.xib in Resources */,
				48BD13E025C2BE820074A2C3 /* Assets.xcassets in Resources */,
				48BD13DB25C2BE800074A2C3 /* Main.storyboard in Resources */,
			);
			runOnlyForDeploymentPostprocessing = 0;
		};
/* End PBXResourcesBuildPhase section */

/* Begin PBXSourcesBuildPhase section */
		48BD13CC25C2BE800074A2C3 /* Sources */ = {
			isa = PBXSourcesBuildPhase;
			buildActionMask = 2147483647;
			files = (
				48BD13D825C2BE800074A2C3 /* UsersVC.swift in Sources */,
				48BD13FB25C2E0990074A2C3 /* DetailsVC.swift in Sources */,
				48BD13D425C2BE800074A2C3 /* AppDelegate.swift in Sources */,
				48BD13D625C2BE800074A2C3 /* SceneDelegate.swift in Sources */,
				48BD13DE25C2BE800074A2C3 /* RenderforestTask.xcdatamodeld in Sources */,
				48BD13F525C2DB2F0074A2C3 /* Cell.swift in Sources */,
			);
			runOnlyForDeploymentPostprocessing = 0;
		};
/* End PBXSourcesBuildPhase section */

/* Begin PBXVariantGroup section */
		48BD13D925C2BE800074A2C3 /* Main.storyboard */ = {
			isa = PBXVariantGroup;
			children = (
				48BD13DA25C2BE800074A2C3 /* Base */,
			);
			name = Main.storyboard;
			sourceTree = "<group>";
		};
		48BD13E125C2BE820074A2C3 /* LaunchScreen.storyboard */ = {
			isa = PBXVariantGroup;
			children = (
				48BD13E225C2BE820074A2C3 /* Base */,
			);
			name = LaunchScreen.storyboard;
			sourceTree = "<group>";
		};
/* End PBXVariantGroup section */

/* Begin XCBuildConfiguration section */
		48BD13E525C2BE820074A2C3 /* Debug */ = {
			isa = XCBuildConfiguration;
			buildSettings = {
				ALWAYS_SEARCH_USER_PATHS = NO;
				CLANG_ANALYZER_NONNULL = YES;
				CLANG_ANALYZER_NUMBER_OBJECT_CONVERSION = YES_AGGRESSIVE;
				CLANG_CXX_LANGUAGE_STANDARD = "gnu++14";
				CLANG_CXX_LIBRARY = "libc++";
				CLANG_ENABLE_MODULES = YES;
				CLANG_ENABLE_OBJC_ARC = YES;
				CLANG_ENABLE_OBJC_WEAK = YES;
				CLANG_WARN_BLOCK_CAPTURE_AUTORELEASING = YES;
				CLANG_WARN_BOOL_CONVERSION = YES;
				CLANG_WARN_COMMA = YES;
				CLANG_WARN_CONSTANT_CONVERSION = YES;
				CLANG_WARN_DEPRECATED_OBJC_IMPLEMENTATIONS = YES;
				CLANG_WARN_DIRECT_OBJC_ISA_USAGE = YES_ERROR;
				CLANG_WARN_DOCUMENTATION_COMMENTS = YES;
				CLANG_WARN_EMPTY_BODY = YES;
				CLANG_WARN_ENUM_CONVERSION = YES;
				CLANG_WARN_INFINITE_RECURSION = YES;
				CLANG_WARN_INT_CONVERSION = YES;
				CLANG_WARN_NON_LITERAL_NULL_CONVERSION = YES;
				CLANG_WARN_OBJC_IMPLICIT_RETAIN_SELF = YES;
				CLANG_WARN_OBJC_LITERAL_CONVERSION = YES;
				CLANG_WARN_OBJC_ROOT_CLASS = YES_ERROR;
				CLANG_WARN_QUOTED_INCLUDE_IN_FRAMEWORK_HEADER = YES;
				CLANG_WARN_RANGE_LOOP_ANALYSIS = YES;
				CLANG_WARN_STRICT_PROTOTYPES = YES;
				CLANG_WARN_SUSPICIOUS_MOVE = YES;
				CLANG_WARN_UNGUARDED_AVAILABILITY = YES_AGGRESSIVE;
				CLANG_WARN_UNREACHABLE_CODE = YES;
				CLANG_WARN__DUPLICATE_METHOD_MATCH = YES;
				COPY_PHASE_STRIP = NO;
				DEBUG_INFORMATION_FORMAT = dwarf;
				ENABLE_STRICT_OBJC_MSGSEND = YES;
				ENABLE_TESTABILITY = YES;
				GCC_C_LANGUAGE_STANDARD = gnu11;
				GCC_DYNAMIC_NO_PIC = NO;
				GCC_NO_COMMON_BLOCKS = YES;
				GCC_OPTIMIZATION_LEVEL = 0;
				GCC_PREPROCESSOR_DEFINITIONS = (
					"DEBUG=1",
					"$(inherited)",
				);
				GCC_WARN_64_TO_32_BIT_CONVERSION = YES;
				GCC_WARN_ABOUT_RETURN_TYPE = YES_ERROR;
				GCC_WARN_UNDECLARED_SELECTOR = YES;
				GCC_WARN_UNINITIALIZED_AUTOS = YES_AGGRESSIVE;
				GCC_WARN_UNUSED_FUNCTION = YES;
				GCC_WARN_UNUSED_VARIABLE = YES;
				IPHONEOS_DEPLOYMENT_TARGET = 14.4;
				MTL_ENABLE_DEBUG_INFO = INCLUDE_SOURCE;
				MTL_FAST_MATH = YES;
				ONLY_ACTIVE_ARCH = YES;
				SDKROOT = iphoneos;
				SWIFT_ACTIVE_COMPILATION_CONDITIONS = DEBUG;
				SWIFT_OPTIMIZATION_LEVEL = "-Onone";
			};
			name = Debug;
		};
		48BD13E625C2BE820074A2C3 /* Release */ = {
			isa = XCBuildConfiguration;
			buildSettings = {
				ALWAYS_SEARCH_USER_PATHS = NO;
				CLANG_ANALYZER_NONNULL = YES;
				CLANG_ANALYZER_NUMBER_OBJECT_CONVERSION = YES_AGGRESSIVE;
				CLANG_CXX_LANGUAGE_STANDARD = "gnu++14";
				CLANG_CXX_LIBRARY = "libc++";
				CLANG_ENABLE_MODULES = YES;
				CLANG_ENABLE_OBJC_ARC = YES;
				CLANG_ENABLE_OBJC_WEAK = YES;
				CLANG_WARN_BLOCK_CAPTURE_AUTORELEASING = YES;
				CLANG_WARN_BOOL_CONVERSION = YES;
				CLANG_WARN_COMMA = YES;
				CLANG_WARN_CONSTANT_CONVERSION = YES;
				CLANG_WARN_DEPRECATED_OBJC_IMPLEMENTATIONS = YES;
				CLANG_WARN_DIRECT_OBJC_ISA_USAGE = YES_ERROR;
				CLANG_WARN_DOCUMENTATION_COMMENTS = YES;
				CLANG_WARN_EMPTY_BODY = YES;
				CLANG_WARN_ENUM_CONVERSION = YES;
				CLANG_WARN_INFINITE_RECURSION = YES;
				CLANG_WARN_INT_CONVERSION = YES;
				CLANG_WARN_NON_LITERAL_NULL_CONVERSION = YES;
				CLANG_WARN_OBJC_IMPLICIT_RETAIN_SELF = YES;
				CLANG_WARN_OBJC_LITERAL_CONVERSION = YES;
				CLANG_WARN_OBJC_ROOT_CLASS = YES_ERROR;
				CLANG_WARN_QUOTED_INCLUDE_IN_FRAMEWORK_HEADER = YES;
				CLANG_WARN_RANGE_LOOP_ANALYSIS = YES;
				CLANG_WARN_STRICT_PROTOTYPES = YES;
				CLANG_WARN_SUSPICIOUS_MOVE = YES;
				CLANG_WARN_UNGUARDED_AVAILABILITY = YES_AGGRESSIVE;
				CLANG_WARN_UNREACHABLE_CODE = YES;
				CLANG_WARN__DUPLICATE_METHOD_MATCH = YES;
				COPY_PHASE_STRIP = NO;
				DEBUG_INFORMATION_FORMAT = "dwarf-with-dsym";
				ENABLE_NS_ASSERTIONS = NO;
				ENABLE_STRICT_OBJC_MSGSEND = YES;
				GCC_C_LANGUAGE_STANDARD = gnu11;
				GCC_NO_COMMON_BLOCKS = YES;
				GCC_WARN_64_TO_32_BIT_CONVERSION = YES;
				GCC_WARN_ABOUT_RETURN_TYPE = YES_ERROR;
				GCC_WARN_UNDECLARED_SELECTOR = YES;
				GCC_WARN_UNINITIALIZED_AUTOS = YES_AGGRESSIVE;
				GCC_WARN_UNUSED_FUNCTION = YES;
				GCC_WARN_UNUSED_VARIABLE = YES;
				IPHONEOS_DEPLOYMENT_TARGET = 14.4;
				MTL_ENABLE_DEBUG_INFO = NO;
				MTL_FAST_MATH = YES;
				SDKROOT = iphoneos;
				SWIFT_COMPILATION_MODE = wholemodule;
				SWIFT_OPTIMIZATION_LEVEL = "-O";
				VALIDATE_PRODUCT = YES;
			};
			name = Release;
		};
		48BD13E825C2BE820074A2C3 /* Debug */ = {
			isa = XCBuildConfiguration;
			buildSettings = {
				ASSETCATALOG_COMPILER_APPICON_NAME = AppIcon;
				ASSETCATALOG_COMPILER_GLOBAL_ACCENT_COLOR_NAME = AccentColor;
				CODE_SIGN_STYLE = Automatic;
				INFOPLIST_FILE = RenderforestTask/Info.plist;
				LD_RUNPATH_SEARCH_PATHS = (
					"$(inherited)",
					"@executable_path/Frameworks",
				);
				PRODUCT_BUNDLE_IDENTIFIER = id.RenderforestTask;
				PRODUCT_NAME = "$(TARGET_NAME)";
				SWIFT_VERSION = 5.0;
				TARGETED_DEVICE_FAMILY = "1,2";
			};
			name = Debug;
		};
		48BD13E925C2BE820074A2C3 /* Release */ = {
			isa = XCBuildConfiguration;
			buildSettings = {
				ASSETCATALOG_COMPILER_APPICON_NAME = AppIcon;
				ASSETCATALOG_COMPILER_GLOBAL_ACCENT_COLOR_NAME = AccentColor;
				CODE_SIGN_STYLE = Automatic;
				INFOPLIST_FILE = RenderforestTask/Info.plist;
				LD_RUNPATH_SEARCH_PATHS = (
					"$(inherited)",
					"@executable_path/Frameworks",
				);
				PRODUCT_BUNDLE_IDENTIFIER = id.RenderforestTask;
				PRODUCT_NAME = "$(TARGET_NAME)";
				SWIFT_VERSION = 5.0;
				TARGETED_DEVICE_FAMILY = "1,2";
			};
			name = Release;
		};
/* End XCBuildConfiguration section */

/* Begin XCConfigurationList section */
		48BD13CB25C2BE800074A2C3 /* Build configuration list for PBXProject "RenderforestTask" */ = {
			isa = XCConfigurationList;
			buildConfigurations = (
				48BD13E525C2BE820074A2C3 /* Debug */,
				48BD13E625C2BE820074A2C3 /* Release */,
			);
			defaultConfigurationIsVisible = 0;
			defaultConfigurationName = Release;
		};
		48BD13E725C2BE820074A2C3 /* Build configuration list for PBXNativeTarget "RenderforestTask" */ = {
			isa = XCConfigurationList;
			buildConfigurations = (
				48BD13E825C2BE820074A2C3 /* Debug */,
				48BD13E925C2BE820074A2C3 /* Release */,
			);
			defaultConfigurationIsVisible = 0;
			defaultConfigurationName = Release;
		};
/* End XCConfigurationList section */

/* Begin XCVersionGroup section */
		48BD13DC25C2BE800074A2C3 /* RenderforestTask.xcdatamodeld */ = {
			isa = XCVersionGroup;
			children = (
				48BD13DD25C2BE800074A2C3 /* RenderforestTask.xcdatamodel */,
			);
			currentVersion = 48BD13DD25C2BE800074A2C3 /* RenderforestTask.xcdatamodel */;
			path = RenderforestTask.xcdatamodeld;
			sourceTree = "<group>";
			versionGroupType = wrapper.xcdatamodel;
		};
/* End XCVersionGroup section */
	};
	rootObject = 48BD13C825C2BE800074A2C3 /* Project object */;
}
